{
  "pins" : [
    {
      "identity" : "vlckit-spm",
      "kind" : "remoteSourceControl",
      "location" : "https://github.com/yucelokan/vlckit-spm.git",
      "state" : {
        "branch" : "vlc372",
        "revision" : "200a4cd6c7784f2774d04fdf7827bad4456f4a74"
      }
    }
  ],
  "version" : 2
}
